
Microsoft Visual Studio Solution File, Format Version 12.00
# Visual Studio Version 16
VisualStudioVersion = 16.0.30804.86
MinimumVisualStudioVersion = 10.0.40219.1
Project("{9A19103F-16F7-4668-BE54-9A1E7A4F7556}") = "InsertInBlock", "src\InsertInBlock\InsertInBlock.csproj", "{B26F87CC-C2B5-45B2-AEF0-5960B1ADB057}"
EndProject
Project("{FAE04EC0-301F-11D3-BF4B-00C04F79EFBC}") = "InsertInBlockTest", "src\InsertInBlockTest\InsertInBlockTest.csproj", "{47E6D9A5-1289-42AA-925E-C5186FF36E9F}"
EndProject
Global
	GlobalSection(SolutionConfigurationPlatforms) = preSolution
		Debug|Any CPU = Debug|Any CPU
		Release|Any CPU = Release|Any CPU
	EndGlobalSection
	GlobalSection(ProjectConfigurationPlatforms) = postSolution
		{B26F87CC-C2B5-45B2-AEF0-5960B1ADB057}.Debug|Any CPU.ActiveCfg = Debug|Any CPU
		{B26F87CC-C2B5-45B2-AEF0-5960B1ADB057}.Debug|Any CPU.Build.0 = Debug|Any CPU
		{B26F87CC-C2B5-45B2-AEF0-5960B1ADB057}.Release|Any CPU.ActiveCfg = Release|Any CPU
		{B26F87CC-C2B5-45B2-AEF0-5960B1ADB057}.Release|Any CPU.Build.0 = Release|Any CPU
		{47E6D9A5-1289-42AA-925E-C5186FF36E9F}.Debug|Any CPU.ActiveCfg = Debug|Any CPU
		{47E6D9A5-1289-42AA-925E-C5186FF36E9F}.Debug|Any CPU.Build.0 = Debug|Any CPU
		{47E6D9A5-1289-42AA-925E-C5186FF36E9F}.Release|Any CPU.ActiveCfg = Release|Any CPU
		{47E6D9A5-1289-42AA-925E-C5186FF36E9F}.Release|Any CPU.Build.0 = Release|Any CPU
	EndGlobalSection
	GlobalSection(SolutionProperties) = preSolution
		HideSolutionNode = FALSE
	EndGlobalSection
	GlobalSection(ExtensibilityGlobals) = postSolution
		SolutionGuid = {82C101FA-294B-4D67-9370-69C4E9228478}
	EndGlobalSection
EndGlobal
